
Microsoft Visual Studio Solution File, Format Version 12.00
# Visual Studio Version 16
VisualStudioVersion = 16.0.30523.141
MinimumVisualStudioVersion = 10.0.40219.1
Project("{2150E333-8FDC-42A3-9474-1A3956D46DE8}") = "Dane", "Dane", "{19E6BEC0-4CFB-4722-A445-217AEC4FDC87}"
EndProject
Project("{2150E333-8FDC-42A3-9474-1A3956D46DE8}") = "Terminal", "Terminal", "{AE221C7E-1CB5-4ED7-AF91-EA03E48E634C}"
EndProject
Project("{FAE04EC0-301F-11D3-BF4B-00C04F79EFBC}") = "KontrolaLotowLab.Terminal", "KontrolaLotowLab.Terminal\KontrolaLotowLab.Terminal.csproj", "{D372BB73-868B-42FE-AAA6-D18618A760C6}"
EndProject
Project("{FAE04EC0-301F-11D3-BF4B-00C04F79EFBC}") = "KontrolaLotowLab.Dane", "KontrolaLotowLab.Dane\KontrolaLotowLab.Dane.csproj", "{C47B74D9-5E45-45FA-AD4D-4C647466E071}"
EndProject
Global
	GlobalSection(SolutionConfigurationPlatforms) = preSolution
		Debug|Any CPU = Debug|Any CPU
		Release|Any CPU = Release|Any CPU
	EndGlobalSection
	GlobalSection(ProjectConfigurationPlatforms) = postSolution
		{D372BB73-868B-42FE-AAA6-D18618A760C6}.Debug|Any CPU.ActiveCfg = Debug|Any CPU
		{D372BB73-868B-42FE-AAA6-D18618A760C6}.Debug|Any CPU.Build.0 = Debug|Any CPU
		{D372BB73-868B-42FE-AAA6-D18618A760C6}.Release|Any CPU.ActiveCfg = Release|Any CPU
		{D372BB73-868B-42FE-AAA6-D18618A760C6}.Release|Any CPU.Build.0 = Release|Any CPU
		{C47B74D9-5E45-45FA-AD4D-4C647466E071}.Debug|Any CPU.ActiveCfg = Debug|Any CPU
		{C47B74D9-5E45-45FA-AD4D-4C647466E071}.Debug|Any CPU.Build.0 = Debug|Any CPU
		{C47B74D9-5E45-45FA-AD4D-4C647466E071}.Release|Any CPU.ActiveCfg = Release|Any CPU
		{C47B74D9-5E45-45FA-AD4D-4C647466E071}.Release|Any CPU.Build.0 = Release|Any CPU
	EndGlobalSection
	GlobalSection(SolutionProperties) = preSolution
		HideSolutionNode = FALSE
	EndGlobalSection
	GlobalSection(NestedProjects) = preSolution
		{D372BB73-868B-42FE-AAA6-D18618A760C6} = {AE221C7E-1CB5-4ED7-AF91-EA03E48E634C}
		{C47B74D9-5E45-45FA-AD4D-4C647466E071} = {19E6BEC0-4CFB-4722-A445-217AEC4FDC87}
	EndGlobalSection
	GlobalSection(ExtensibilityGlobals) = postSolution
		SolutionGuid = {864FDA3D-1E19-43C2-A2B4-79D347E7FC62}
	EndGlobalSection
EndGlobal
